
Microsoft Visual Studio Solution File, Format Version 12.00
Project("{FAE04EC0-301F-11D3-BF4B-00C04F79EFBC}") = "WebApplication2", "WebApplication2\WebApplication2.csproj", "{66F81809-8706-4EEC-90EB-C55096A9547B}"
EndProject
Global
	GlobalSection(SolutionConfigurationPlatforms) = preSolution
		Debug|Any CPU = Debug|Any CPU
		Release|Any CPU = Release|Any CPU
	EndGlobalSection
	GlobalSection(ProjectConfigurationPlatforms) = postSolution
		{66F81809-8706-4EEC-90EB-C55096A9547B}.Debug|Any CPU.ActiveCfg = Debug|Any CPU
		{66F81809-8706-4EEC-90EB-C55096A9547B}.Debug|Any CPU.Build.0 = Debug|Any CPU
		{66F81809-8706-4EEC-90EB-C55096A9547B}.Release|Any CPU.ActiveCfg = Release|Any CPU
		{66F81809-8706-4EEC-90EB-C55096A9547B}.Release|Any CPU.Build.0 = Release|Any CPU
	EndGlobalSection
EndGlobal
